{
  "name": "iso8601-duration",
  "version": "2.1.2",
  "lockfileVersion": 2,
  "requires": true,
  "packages": {
    "": {
      "name": "iso8601-duration",
      "version": "2.1.2",
      "license": "MIT",
      "devDependencies": {
        "@js-temporal/polyfill": "*",
        "@types/node": "^20.11.24",
        "prettier": "^2.6.2",
        "typescript": "5.3.3"
      }
    },
    "node_modules/@js-temporal/polyfill": {
      "version": "0.4.0",
      "resolved": "https://registry.npmjs.org/@js-temporal/polyfill/-/polyfill-0.4.0.tgz",
      "integrity": "sha512-j6DwrVV5e2fj3pdXXx6e4ol9/VWg+hX54xOUJjNx+PekzWdjkVzBLpttPNczFcY1W0SFv2ovxrsz/OB4SzIALA==",
      "dev": true,
      "dependencies": {
        "jsbi": "^4.1.0",
        "tslib": "^2.3.1"
      },
      "engines": {
        "node": ">=12"
      }
    },
    "node_modules/@types/node": {
      "version": "20.11.24",
      "resolved": "https://registry.npmjs.org/@types/node/-/node-20.11.24.tgz",
      "integrity": "sha512-Kza43ewS3xoLgCEpQrsT+xRo/EJej1y0kVYGiLFE1NEODXGzTfwiC6tXTLMQskn1X4/Rjlh0MQUvx9W+L9long==",
      "dev": true,
      "dependencies": {
        "undici-types": "~5.26.4"
      }
    },
    "node_modules/jsbi": {
      "version": "4.2.1",
      "resolved": "https://registry.npmjs.org/jsbi/-/jsbi-4.2.1.tgz",
      "integrity": "sha512-YQ9iOZLiRiygDfzpbG8fdovDsjacbUWq/53nnQX9tgIKueMi6sk2Bhs8ZvZ0peV3tG+b7gqixUCYeVJpdownaA==",
      "dev": true
    },
    "node_modules/prettier": {
      "version": "2.6.2",
      "resolved": "https://registry.npmjs.org/prettier/-/prettier-2.6.2.tgz",
      "integrity": "sha512-PkUpF+qoXTqhOeWL9fu7As8LXsIUZ1WYaJiY/a7McAQzxjk82OF0tibkFXVCDImZtWxbvojFjerkiLb0/q8mew==",
      "dev": true,
      "bin": {
        "prettier": "bin-prettier.js"
      },
      "engines": {
        "node": ">=10.13.0"
      },
      "funding": {
        "url": "https://github.com/prettier/prettier?sponsor=1"
      }
    },
    "node_modules/tslib": {
      "version": "2.3.1",
      "resolved": "https://registry.npmjs.org/tslib/-/tslib-2.3.1.tgz",
      "integrity": "sha512-77EbyPPpMz+FRFRuAFlWMtmgUWGe9UOG2Z25NqCwiIjRhOf5iKGuzSe5P2w1laq+FkRy4p+PCuVkJSGkzTEKVw==",
      "dev": true
    },
    "node_modules/typescript": {
      "version": "5.3.3",
      "resolved": "https://registry.npmjs.org/typescript/-/typescript-5.3.3.tgz",
      "integrity": "sha512-pXWcraxM0uxAS+tN0AG/BF2TyqmHO014Z070UsJ+pFvYuRSq8KH8DmWpnbXe0pEPDHXZV3FcAbJkijJ5oNEnWw==",
      "dev": true,
      "bin": {
        "tsc": "bin/tsc",
        "tsserver": "bin/tsserver"
      },
      "engines": {
        "node": ">=14.17"
      }
    },
    "node_modules/undici-types": {
      "version": "5.26.5",
      "resolved": "https://registry.npmjs.org/undici-types/-/undici-types-5.26.5.tgz",
      "integrity": "sha512-JlCMO+ehdEIKqlFxk6IfVoAUVmgz7cU7zD/h9XZ0qzeosSHmUJVOzSQvvYSYWXkFXC+IfLKSIffhv0sVZup6pA==",
      "dev": true
    }
  },
  "dependencies": {
    "@js-temporal/polyfill": {
      "version": "0.4.0",
      "resolved": "https://registry.npmjs.org/@js-temporal/polyfill/-/polyfill-0.4.0.tgz",
      "integrity": "sha512-j6DwrVV5e2fj3pdXXx6e4ol9/VWg+hX54xOUJjNx+PekzWdjkVzBLpttPNczFcY1W0SFv2ovxrsz/OB4SzIALA==",
      "dev": true,
      "requires": {
        "jsbi": "^4.1.0",
        "tslib": "^2.3.1"
      }
    },
    "@types/node": {
      "version": "20.11.24",
      "resolved": "https://registry.npmjs.org/@types/node/-/node-20.11.24.tgz",
      "integrity": "sha512-Kza43ewS3xoLgCEpQrsT+xRo/EJej1y0kVYGiLFE1NEODXGzTfwiC6tXTLMQskn1X4/Rjlh0MQUvx9W+L9long==",
      "dev": true,
      "requires": {
        "undici-types": "~5.26.4"
      }
    },
    "jsbi": {
      "version": "4.2.1",
      "resolved": "https://registry.npmjs.org/jsbi/-/jsbi-4.2.1.tgz",
      "integrity": "sha512-YQ9iOZLiRiygDfzpbG8fdovDsjacbUWq/53nnQX9tgIKueMi6sk2Bhs8ZvZ0peV3tG+b7gqixUCYeVJpdownaA==",
      "dev": true
    },
    "prettier": {
      "version": "2.6.2",
      "resolved": "https://registry.npmjs.org/prettier/-/prettier-2.6.2.tgz",
      "integrity": "sha512-PkUpF+qoXTqhOeWL9fu7As8LXsIUZ1WYaJiY/a7McAQzxjk82OF0tibkFXVCDImZtWxbvojFjerkiLb0/q8mew==",
      "dev": true
    },
    "tslib": {
      "version": "2.3.1",
      "resolved": "https://registry.npmjs.org/tslib/-/tslib-2.3.1.tgz",
      "integrity": "sha512-77EbyPPpMz+FRFRuAFlWMtmgUWGe9UOG2Z25NqCwiIjRhOf5iKGuzSe5P2w1laq+FkRy4p+PCuVkJSGkzTEKVw==",
      "dev": true
    },
    "typescript": {
      "version": "5.3.3",
      "resolved": "https://registry.npmjs.org/typescript/-/typescript-5.3.3.tgz",
      "integrity": "sha512-pXWcraxM0uxAS+tN0AG/BF2TyqmHO014Z070UsJ+pFvYuRSq8KH8DmWpnbXe0pEPDHXZV3FcAbJkijJ5oNEnWw==",
      "dev": true
    },
    "undici-types": {
      "version": "5.26.5",
      "resolved": "https://registry.npmjs.org/undici-types/-/undici-types-5.26.5.tgz",
      "integrity": "sha512-JlCMO+ehdEIKqlFxk6IfVoAUVmgz7cU7zD/h9XZ0qzeosSHmUJVOzSQvvYSYWXkFXC+IfLKSIffhv0sVZup6pA==",
      "dev": true
    }
  }
}
